// !$*UTF8*$!
{
	archiveVersion = 1;
	classes = {
	};
	objectVersion = 50;
	objects = {

/* Begin PBXBuildFile section */
		C7861763272BBF21001DF992 /* Service.swift in Sources */ = {isa = PBXBuildFile; fileRef = C7861762272BBF21001DF992 /* Service.swift */; };
		C7861766272BCB04001DF992 /* String+Common.swift in Sources */ = {isa = PBXBuildFile; fileRef = C7861765272BCB04001DF992 /* String+Common.swift */; };
		C7E5966A272AD26700F2F8D6 /* AppDelegate.swift in Sources */ = {isa = PBXBuildFile; fileRef = C7E59669272AD26700F2F8D6 /* AppDelegate.swift */; };
		C7E59673272AD26A00F2F8D6 /* Assets.xcassets in Resources */ = {isa = PBXBuildFile; fileRef = C7E59672272AD26A00F2F8D6 /* Assets.xcassets */; };
		C7E59676272AD26A00F2F8D6 /* LaunchScreen.storyboard in Resources */ = {isa = PBXBuildFile; fileRef = C7E59674272AD26A00F2F8D6 /* LaunchScreen.storyboard */; };
		C7E596B3272ADA4700F2F8D6 /* MainInteractor.swift in Sources */ = {isa = PBXBuildFile; fileRef = C7E596A3272ADA4700F2F8D6 /* MainInteractor.swift */; };
		C7E596B4272ADA4700F2F8D6 /* MainPresenter.swift in Sources */ = {isa = PBXBuildFile; fileRef = C7E596A4272ADA4700F2F8D6 /* MainPresenter.swift */; };
		C7E596B5272ADA4700F2F8D6 /* MainRouter.swift in Sources */ = {isa = PBXBuildFile; fileRef = C7E596A5272ADA4700F2F8D6 /* MainRouter.swift */; };
		C7E596B6272ADA4700F2F8D6 /* MainView.swift in Sources */ = {isa = PBXBuildFile; fileRef = C7E596A6272ADA4700F2F8D6 /* MainView.swift */; };
		C7E596B7272ADA4700F2F8D6 /* MainInputRouterProtocol.swift in Sources */ = {isa = PBXBuildFile; fileRef = C7E596A9272ADA4700F2F8D6 /* MainInputRouterProtocol.swift */; };
		C7E596B8272ADA4700F2F8D6 /* MainInputViewProtocol.swift in Sources */ = {isa = PBXBuildFile; fileRef = C7E596AA272ADA4700F2F8D6 /* MainInputViewProtocol.swift */; };
		C7E596B9272ADA4700F2F8D6 /* MainInputInteractorProtocol.swift in Sources */ = {isa = PBXBuildFile; fileRef = C7E596AB272ADA4700F2F8D6 /* MainInputInteractorProtocol.swift */; };
		C7E596BA272ADA4700F2F8D6 /* MainViewProtocol.swift in Sources */ = {isa = PBXBuildFile; fileRef = C7E596AC272ADA4700F2F8D6 /* MainViewProtocol.swift */; };
		C7E596BB272ADA4700F2F8D6 /* MainOutputViewProtocol.swift in Sources */ = {isa = PBXBuildFile; fileRef = C7E596AE272ADA4700F2F8D6 /* MainOutputViewProtocol.swift */; };
		C7E596BC272ADA4700F2F8D6 /* MainOutputInteractorProtocol.swift in Sources */ = {isa = PBXBuildFile; fileRef = C7E596AF272ADA4700F2F8D6 /* MainOutputInteractorProtocol.swift */; };
		C7E596BD272ADA4700F2F8D6 /* MainInteractorProtocol.swift in Sources */ = {isa = PBXBuildFile; fileRef = C7E596B0272ADA4700F2F8D6 /* MainInteractorProtocol.swift */; };
		C7E596BE272ADA4700F2F8D6 /* MainRouterProtocol.swift in Sources */ = {isa = PBXBuildFile; fileRef = C7E596B1272ADA4700F2F8D6 /* MainRouterProtocol.swift */; };
		C7E596BF272ADA4700F2F8D6 /* MainPresenterProtocol.swift in Sources */ = {isa = PBXBuildFile; fileRef = C7E596B2272ADA4700F2F8D6 /* MainPresenterProtocol.swift */; };
/* End PBXBuildFile section */

/* Begin PBXFileReference section */
		C7861762272BBF21001DF992 /* Service.swift */ = {isa = PBXFileReference; lastKnownFileType = sourcecode.swift; path = Service.swift; sourceTree = "<group>"; };
		C7861765272BCB04001DF992 /* String+Common.swift */ = {isa = PBXFileReference; lastKnownFileType = sourcecode.swift; path = "String+Common.swift"; sourceTree = "<group>"; };
		C7E59666272AD26700F2F8D6 /* Banana.app */ = {isa = PBXFileReference; explicitFileType = wrapper.application; includeInIndex = 0; path = Banana.app; sourceTree = BUILT_PRODUCTS_DIR; };
		C7E59669272AD26700F2F8D6 /* AppDelegate.swift */ = {isa = PBXFileReference; lastKnownFileType = sourcecode.swift; path = AppDelegate.swift; sourceTree = "<group>"; };
		C7E59672272AD26A00F2F8D6 /* Assets.xcassets */ = {isa = PBXFileReference; lastKnownFileType = folder.assetcatalog; path = Assets.xcassets; sourceTree = "<group>"; };
		C7E59675272AD26A00F2F8D6 /* Base */ = {isa = PBXFileReference; lastKnownFileType = file.storyboard; name = Base; path = Base.lproj/LaunchScreen.storyboard; sourceTree = "<group>"; };
		C7E59677272AD26A00F2F8D6 /* Info.plist */ = {isa = PBXFileReference; lastKnownFileType = text.plist.xml; path = Info.plist; sourceTree = "<group>"; };
		C7E596A3272ADA4700F2F8D6 /* MainInteractor.swift */ = {isa = PBXFileReference; fileEncoding = 4; lastKnownFileType = sourcecode.swift; path = MainInteractor.swift; sourceTree = "<group>"; };
		C7E596A4272ADA4700F2F8D6 /* MainPresenter.swift */ = {isa = PBXFileReference; fileEncoding = 4; lastKnownFileType = sourcecode.swift; path = MainPresenter.swift; sourceTree = "<group>"; };
		C7E596A5272ADA4700F2F8D6 /* MainRouter.swift */ = {isa = PBXFileReference; fileEncoding = 4; lastKnownFileType = sourcecode.swift; path = MainRouter.swift; sourceTree = "<group>"; };
		C7E596A6272ADA4700F2F8D6 /* MainView.swift */ = {isa = PBXFileReference; fileEncoding = 4; lastKnownFileType = sourcecode.swift; path = MainView.swift; sourceTree = "<group>"; };
		C7E596A9272ADA4700F2F8D6 /* MainInputRouterProtocol.swift */ = {isa = PBXFileReference; fileEncoding = 4; lastKnownFileType = sourcecode.swift; path = MainInputRouterProtocol.swift; sourceTree = "<group>"; };
		C7E596AA272ADA4700F2F8D6 /* MainInputViewProtocol.swift */ = {isa = PBXFileReference; fileEncoding = 4; lastKnownFileType = sourcecode.swift; path = MainInputViewProtocol.swift; sourceTree = "<group>"; };
		C7E596AB272ADA4700F2F8D6 /* MainInputInteractorProtocol.swift */ = {isa = PBXFileReference; fileEncoding = 4; lastKnownFileType = sourcecode.swift; path = MainInputInteractorProtocol.swift; sourceTree = "<group>"; };
		C7E596AC272ADA4700F2F8D6 /* MainViewProtocol.swift */ = {isa = PBXFileReference; fileEncoding = 4; lastKnownFileType = sourcecode.swift; path = MainViewProtocol.swift; sourceTree = "<group>"; };
		C7E596AE272ADA4700F2F8D6 /* MainOutputViewProtocol.swift */ = {isa = PBXFileReference; fileEncoding = 4; lastKnownFileType = sourcecode.swift; path = MainOutputViewProtocol.swift; sourceTree = "<group>"; };
		C7E596AF272ADA4700F2F8D6 /* MainOutputInteractorProtocol.swift */ = {isa = PBXFileReference; fileEncoding = 4; lastKnownFileType = sourcecode.swift; path = MainOutputInteractorProtocol.swift; sourceTree = "<group>"; };
		C7E596B0272ADA4700F2F8D6 /* MainInteractorProtocol.swift */ = {isa = PBXFileReference; fileEncoding = 4; lastKnownFileType = sourcecode.swift; path = MainInteractorProtocol.swift; sourceTree = "<group>"; };
		C7E596B1272ADA4700F2F8D6 /* MainRouterProtocol.swift */ = {isa = PBXFileReference; fileEncoding = 4; lastKnownFileType = sourcecode.swift; path = MainRouterProtocol.swift; sourceTree = "<group>"; };
		C7E596B2272ADA4700F2F8D6 /* MainPresenterProtocol.swift */ = {isa = PBXFileReference; fileEncoding = 4; lastKnownFileType = sourcecode.swift; path = MainPresenterProtocol.swift; sourceTree = "<group>"; };
/* End PBXFileReference section */

/* Begin PBXFrameworksBuildPhase section */
		C7E59663272AD26700F2F8D6 /* Frameworks */ = {
			isa = PBXFrameworksBuildPhase;
			buildActionMask = 2147483647;
			files = (
			);
			runOnlyForDeploymentPostprocessing = 0;
		};
/* End PBXFrameworksBuildPhase section */

/* Begin PBXGroup section */
		C7861761272BBF08001DF992 /* Services */ = {
			isa = PBXGroup;
			children = (
				C7861762272BBF21001DF992 /* Service.swift */,
			);
			path = Services;
			sourceTree = "<group>";
		};
		C7861764272BCAF2001DF992 /* Extensions */ = {
			isa = PBXGroup;
			children = (
				C7861765272BCB04001DF992 /* String+Common.swift */,
			);
			path = Extensions;
			sourceTree = "<group>";
		};
		C7E5965D272AD26700F2F8D6 = {
			isa = PBXGroup;
			children = (
				C7E59668272AD26700F2F8D6 /* Banana */,
				C7E59667272AD26700F2F8D6 /* Products */,
			);
			sourceTree = "<group>";
		};
		C7E59667272AD26700F2F8D6 /* Products */ = {
			isa = PBXGroup;
			children = (
				C7E59666272AD26700F2F8D6 /* Banana.app */,
			);
			name = Products;
			sourceTree = "<group>";
		};
		C7E59668272AD26700F2F8D6 /* Banana */ = {
			isa = PBXGroup;
			children = (
				C7E59677272AD26A00F2F8D6 /* Info.plist */,
				C7E59669272AD26700F2F8D6 /* AppDelegate.swift */,
				C7E59672272AD26A00F2F8D6 /* Assets.xcassets */,
				C7861764272BCAF2001DF992 /* Extensions */,
				C7E59674272AD26A00F2F8D6 /* LaunchScreen.storyboard */,
				C7E5967D272AD2C100F2F8D6 /* Modules */,
				C7861761272BBF08001DF992 /* Services */,
			);
			path = Banana;
			sourceTree = "<group>";
		};
		C7E5967D272AD2C100F2F8D6 /* Modules */ = {
			isa = PBXGroup;
			children = (
				C7E596A1272ADA4700F2F8D6 /* Main */,
			);
			path = Modules;
			sourceTree = "<group>";
		};
		C7E596A1272ADA4700F2F8D6 /* Main */ = {
			isa = PBXGroup;
			children = (
				C7E596A2272ADA4700F2F8D6 /* Classes */,
				C7E596A7272ADA4700F2F8D6 /* Protocols */,
			);
			path = Main;
			sourceTree = "<group>";
		};
		C7E596A2272ADA4700F2F8D6 /* Classes */ = {
			isa = PBXGroup;
			children = (
				C7E596A3272ADA4700F2F8D6 /* MainInteractor.swift */,
				C7E596A4272ADA4700F2F8D6 /* MainPresenter.swift */,
				C7E596A5272ADA4700F2F8D6 /* MainRouter.swift */,
				C7E596A6272ADA4700F2F8D6 /* MainView.swift */,
			);
			path = Classes;
			sourceTree = "<group>";
		};
		C7E596A7272ADA4700F2F8D6 /* Protocols */ = {
			isa = PBXGroup;
			children = (
				C7E596B0272ADA4700F2F8D6 /* MainInteractorProtocol.swift */,
				C7E596B2272ADA4700F2F8D6 /* MainPresenterProtocol.swift */,
				C7E596B1272ADA4700F2F8D6 /* MainRouterProtocol.swift */,
				C7E596AC272ADA4700F2F8D6 /* MainViewProtocol.swift */,
				C7E596A8272ADA4700F2F8D6 /* Input */,
				C7E596AD272ADA4700F2F8D6 /* Output */,
			);
			path = Protocols;
			sourceTree = "<group>";
		};
		C7E596A8272ADA4700F2F8D6 /* Input */ = {
			isa = PBXGroup;
			children = (
				C7E596AB272ADA4700F2F8D6 /* MainInputInteractorProtocol.swift */,
				C7E596A9272ADA4700F2F8D6 /* MainInputRouterProtocol.swift */,
				C7E596AA272ADA4700F2F8D6 /* MainInputViewProtocol.swift */,
			);
			path = Input;
			sourceTree = "<group>";
		};
		C7E596AD272ADA4700F2F8D6 /* Output */ = {
			isa = PBXGroup;
			children = (
				C7E596AF272ADA4700F2F8D6 /* MainOutputInteractorProtocol.swift */,
				C7E596AE272ADA4700F2F8D6 /* MainOutputViewProtocol.swift */,
			);
			path = Output;
			sourceTree = "<group>";
		};
/* End PBXGroup section */

/* Begin PBXNativeTarget section */
		C7E59665272AD26700F2F8D6 /* Banana */ = {
			isa = PBXNativeTarget;
			buildConfigurationList = C7E5967A272AD26A00F2F8D6 /* Build configuration list for PBXNativeTarget "Banana" */;
			buildPhases = (
				C7E59662272AD26700F2F8D6 /* Sources */,
				C7E59663272AD26700F2F8D6 /* Frameworks */,
				C7E59664272AD26700F2F8D6 /* Resources */,
			);
			buildRules = (
			);
			dependencies = (
			);
			name = Banana;
			productName = Banana;
			productReference = C7E59666272AD26700F2F8D6 /* Banana.app */;
			productType = "com.apple.product-type.application";
		};
/* End PBXNativeTarget section */

/* Begin PBXProject section */
		C7E5965E272AD26700F2F8D6 /* Project object */ = {
			isa = PBXProject;
			attributes = {
				LastSwiftUpdateCheck = 1250;
				LastUpgradeCheck = 1250;
				TargetAttributes = {
					C7E59665272AD26700F2F8D6 = {
						CreatedOnToolsVersion = 12.5.1;
					};
				};
			};
			buildConfigurationList = C7E59661272AD26700F2F8D6 /* Build configuration list for PBXProject "Banana" */;
			compatibilityVersion = "Xcode 9.3";
			developmentRegion = en;
			hasScannedForEncodings = 0;
			knownRegions = (
				en,
				Base,
			);
			mainGroup = C7E5965D272AD26700F2F8D6;
			productRefGroup = C7E59667272AD26700F2F8D6 /* Products */;
			projectDirPath = "";
			projectRoot = "";
			targets = (
				C7E59665272AD26700F2F8D6 /* Banana */,
			);
		};
/* End PBXProject section */

/* Begin PBXResourcesBuildPhase section */
		C7E59664272AD26700F2F8D6 /* Resources */ = {
			isa = PBXResourcesBuildPhase;
			buildActionMask = 2147483647;
			files = (
				C7E59676272AD26A00F2F8D6 /* LaunchScreen.storyboard in Resources */,
				C7E59673272AD26A00F2F8D6 /* Assets.xcassets in Resources */,
			);
			runOnlyForDeploymentPostprocessing = 0;
		};
/* End PBXResourcesBuildPhase section */

/* Begin PBXSourcesBuildPhase section */
		C7E59662272AD26700F2F8D6 /* Sources */ = {
			isa = PBXSourcesBuildPhase;
			buildActionMask = 2147483647;
			files = (
				C7E596B8272ADA4700F2F8D6 /* MainInputViewProtocol.swift in Sources */,
				C7E596BE272ADA4700F2F8D6 /* MainRouterProtocol.swift in Sources */,
				C7E596B7272ADA4700F2F8D6 /* MainInputRouterProtocol.swift in Sources */,
				C7E596BF272ADA4700F2F8D6 /* MainPresenterProtocol.swift in Sources */,
				C7E596BB272ADA4700F2F8D6 /* MainOutputViewProtocol.swift in Sources */,
				C7E596B9272ADA4700F2F8D6 /* MainInputInteractorProtocol.swift in Sources */,
				C7E596BA272ADA4700F2F8D6 /* MainViewProtocol.swift in Sources */,
				C7E5966A272AD26700F2F8D6 /* AppDelegate.swift in Sources */,
				C7E596B5272ADA4700F2F8D6 /* MainRouter.swift in Sources */,
				C7861766272BCB04001DF992 /* String+Common.swift in Sources */,
				C7861763272BBF21001DF992 /* Service.swift in Sources */,
				C7E596B4272ADA4700F2F8D6 /* MainPresenter.swift in Sources */,
				C7E596B6272ADA4700F2F8D6 /* MainView.swift in Sources */,
				C7E596BD272ADA4700F2F8D6 /* MainInteractorProtocol.swift in Sources */,
				C7E596BC272ADA4700F2F8D6 /* MainOutputInteractorProtocol.swift in Sources */,
				C7E596B3272ADA4700F2F8D6 /* MainInteractor.swift in Sources */,
			);
			runOnlyForDeploymentPostprocessing = 0;
		};
/* End PBXSourcesBuildPhase section */

/* Begin PBXVariantGroup section */
		C7E59674272AD26A00F2F8D6 /* LaunchScreen.storyboard */ = {
			isa = PBXVariantGroup;
			children = (
				C7E59675272AD26A00F2F8D6 /* Base */,
			);
			name = LaunchScreen.storyboard;
			sourceTree = "<group>";
		};
/* End PBXVariantGroup section */

/* Begin XCBuildConfiguration section */
		C7E59678272AD26A00F2F8D6 /* Debug */ = {
			isa = XCBuildConfiguration;
			buildSettings = {
				ALWAYS_SEARCH_USER_PATHS = NO;
				CLANG_ANALYZER_NONNULL = YES;
				CLANG_ANALYZER_NUMBER_OBJECT_CONVERSION = YES_AGGRESSIVE;
				CLANG_CXX_LANGUAGE_STANDARD = "gnu++14";
				CLANG_CXX_LIBRARY = "libc++";
				CLANG_ENABLE_MODULES = YES;
				CLANG_ENABLE_OBJC_ARC = YES;
				CLANG_ENABLE_OBJC_WEAK = YES;
				CLANG_WARN_BLOCK_CAPTURE_AUTORELEASING = YES;
				CLANG_WARN_BOOL_CONVERSION = YES;
				CLANG_WARN_COMMA = YES;
				CLANG_WARN_CONSTANT_CONVERSION = YES;
				CLANG_WARN_DEPRECATED_OBJC_IMPLEMENTATIONS = YES;
				CLANG_WARN_DIRECT_OBJC_ISA_USAGE = YES_ERROR;
				CLANG_WARN_DOCUMENTATION_COMMENTS = YES;
				CLANG_WARN_EMPTY_BODY = YES;
				CLANG_WARN_ENUM_CONVERSION = YES;
				CLANG_WARN_INFINITE_RECURSION = YES;
				CLANG_WARN_INT_CONVERSION = YES;
				CLANG_WARN_NON_LITERAL_NULL_CONVERSION = YES;
				CLANG_WARN_OBJC_IMPLICIT_RETAIN_SELF = YES;
				CLANG_WARN_OBJC_LITERAL_CONVERSION = YES;
				CLANG_WARN_OBJC_ROOT_CLASS = YES_ERROR;
				CLANG_WARN_QUOTED_INCLUDE_IN_FRAMEWORK_HEADER = YES;
				CLANG_WARN_RANGE_LOOP_ANALYSIS = YES;
				CLANG_WARN_STRICT_PROTOTYPES = YES;
				CLANG_WARN_SUSPICIOUS_MOVE = YES;
				CLANG_WARN_UNGUARDED_AVAILABILITY = YES_AGGRESSIVE;
				CLANG_WARN_UNREACHABLE_CODE = YES;
				CLANG_WARN__DUPLICATE_METHOD_MATCH = YES;
				COPY_PHASE_STRIP = NO;
				DEBUG_INFORMATION_FORMAT = dwarf;
				ENABLE_STRICT_OBJC_MSGSEND = YES;
				ENABLE_TESTABILITY = YES;
				GCC_C_LANGUAGE_STANDARD = gnu11;
				GCC_DYNAMIC_NO_PIC = NO;
				GCC_NO_COMMON_BLOCKS = YES;
				GCC_OPTIMIZATION_LEVEL = 0;
				GCC_PREPROCESSOR_DEFINITIONS = (
					"DEBUG=1",
					"$(inherited)",
				);
				GCC_WARN_64_TO_32_BIT_CONVERSION = YES;
				GCC_WARN_ABOUT_RETURN_TYPE = YES_ERROR;
				GCC_WARN_UNDECLARED_SELECTOR = YES;
				GCC_WARN_UNINITIALIZED_AUTOS = YES_AGGRESSIVE;
				GCC_WARN_UNUSED_FUNCTION = YES;
				GCC_WARN_UNUSED_VARIABLE = YES;
				IPHONEOS_DEPLOYMENT_TARGET = 14.5;
				MTL_ENABLE_DEBUG_INFO = INCLUDE_SOURCE;
				MTL_FAST_MATH = YES;
				ONLY_ACTIVE_ARCH = YES;
				SDKROOT = iphoneos;
				SWIFT_ACTIVE_COMPILATION_CONDITIONS = DEBUG;
				SWIFT_OPTIMIZATION_LEVEL = "-Onone";
			};
			name = Debug;
		};
		C7E59679272AD26A00F2F8D6 /* Release */ = {
			isa = XCBuildConfiguration;
			buildSettings = {
				ALWAYS_SEARCH_USER_PATHS = NO;
				CLANG_ANALYZER_NONNULL = YES;
				CLANG_ANALYZER_NUMBER_OBJECT_CONVERSION = YES_AGGRESSIVE;
				CLANG_CXX_LANGUAGE_STANDARD = "gnu++14";
				CLANG_CXX_LIBRARY = "libc++";
				CLANG_ENABLE_MODULES = YES;
				CLANG_ENABLE_OBJC_ARC = YES;
				CLANG_ENABLE_OBJC_WEAK = YES;
				CLANG_WARN_BLOCK_CAPTURE_AUTORELEASING = YES;
				CLANG_WARN_BOOL_CONVERSION = YES;
				CLANG_WARN_COMMA = YES;
				CLANG_WARN_CONSTANT_CONVERSION = YES;
				CLANG_WARN_DEPRECATED_OBJC_IMPLEMENTATIONS = YES;
				CLANG_WARN_DIRECT_OBJC_ISA_USAGE = YES_ERROR;
				CLANG_WARN_DOCUMENTATION_COMMENTS = YES;
				CLANG_WARN_EMPTY_BODY = YES;
				CLANG_WARN_ENUM_CONVERSION = YES;
				CLANG_WARN_INFINITE_RECURSION = YES;
				CLANG_WARN_INT_CONVERSION = YES;
				CLANG_WARN_NON_LITERAL_NULL_CONVERSION = YES;
				CLANG_WARN_OBJC_IMPLICIT_RETAIN_SELF = YES;
				CLANG_WARN_OBJC_LITERAL_CONVERSION = YES;
				CLANG_WARN_OBJC_ROOT_CLASS = YES_ERROR;
				CLANG_WARN_QUOTED_INCLUDE_IN_FRAMEWORK_HEADER = YES;
				CLANG_WARN_RANGE_LOOP_ANALYSIS = YES;
				CLANG_WARN_STRICT_PROTOTYPES = YES;
				CLANG_WARN_SUSPICIOUS_MOVE = YES;
				CLANG_WARN_UNGUARDED_AVAILABILITY = YES_AGGRESSIVE;
				CLANG_WARN_UNREACHABLE_CODE = YES;
				CLANG_WARN__DUPLICATE_METHOD_MATCH = YES;
				COPY_PHASE_STRIP = NO;
				DEBUG_INFORMATION_FORMAT = "dwarf-with-dsym";
				ENABLE_NS_ASSERTIONS = NO;
				ENABLE_STRICT_OBJC_MSGSEND = YES;
				GCC_C_LANGUAGE_STANDARD = gnu11;
				GCC_NO_COMMON_BLOCKS = YES;
				GCC_WARN_64_TO_32_BIT_CONVERSION = YES;
				GCC_WARN_ABOUT_RETURN_TYPE = YES_ERROR;
				GCC_WARN_UNDECLARED_SELECTOR = YES;
				GCC_WARN_UNINITIALIZED_AUTOS = YES_AGGRESSIVE;
				GCC_WARN_UNUSED_FUNCTION = YES;
				GCC_WARN_UNUSED_VARIABLE = YES;
				IPHONEOS_DEPLOYMENT_TARGET = 14.5;
				MTL_ENABLE_DEBUG_INFO = NO;
				MTL_FAST_MATH = YES;
				SDKROOT = iphoneos;
				SWIFT_COMPILATION_MODE = wholemodule;
				SWIFT_OPTIMIZATION_LEVEL = "-O";
				VALIDATE_PRODUCT = YES;
			};
			name = Release;
		};
		C7E5967B272AD26A00F2F8D6 /* Debug */ = {
			isa = XCBuildConfiguration;
			buildSettings = {
				ASSETCATALOG_COMPILER_APPICON_NAME = AppIcon;
				ASSETCATALOG_COMPILER_GLOBAL_ACCENT_COLOR_NAME = AccentColor;
				CODE_SIGN_STYLE = Automatic;
				DEVELOPMENT_TEAM = C4G654G628;
				INFOPLIST_FILE = Banana/Info.plist;
				IPHONEOS_DEPLOYMENT_TARGET = 13.6;
				LD_RUNPATH_SEARCH_PATHS = (
					"$(inherited)",
					"@executable_path/Frameworks",
				);
				PRODUCT_BUNDLE_IDENTIFIER = com.zuzex.Banana2;
				PRODUCT_NAME = "$(TARGET_NAME)";
				SWIFT_VERSION = 5.0;
				TARGETED_DEVICE_FAMILY = "1,2";
			};
			name = Debug;
		};
		C7E5967C272AD26A00F2F8D6 /* Release */ = {
			isa = XCBuildConfiguration;
			buildSettings = {
				ASSETCATALOG_COMPILER_APPICON_NAME = AppIcon;
				ASSETCATALOG_COMPILER_GLOBAL_ACCENT_COLOR_NAME = AccentColor;
				CODE_SIGN_STYLE = Automatic;
				DEVELOPMENT_TEAM = C4G654G628;
				INFOPLIST_FILE = Banana/Info.plist;
				IPHONEOS_DEPLOYMENT_TARGET = 13.6;
				LD_RUNPATH_SEARCH_PATHS = (
					"$(inherited)",
					"@executable_path/Frameworks",
				);
				PRODUCT_BUNDLE_IDENTIFIER = com.zuzex.Banana2;
				PRODUCT_NAME = "$(TARGET_NAME)";
				SWIFT_VERSION = 5.0;
				TARGETED_DEVICE_FAMILY = "1,2";
			};
			name = Release;
		};
/* End XCBuildConfiguration section */

/* Begin XCConfigurationList section */
		C7E59661272AD26700F2F8D6 /* Build configuration list for PBXProject "Banana" */ = {
			isa = XCConfigurationList;
			buildConfigurations = (
				C7E59678272AD26A00F2F8D6 /* Debug */,
				C7E59679272AD26A00F2F8D6 /* Release */,
			);
			defaultConfigurationIsVisible = 0;
			defaultConfigurationName = Release;
		};
		C7E5967A272AD26A00F2F8D6 /* Build configuration list for PBXNativeTarget "Banana" */ = {
			isa = XCConfigurationList;
			buildConfigurations = (
				C7E5967B272AD26A00F2F8D6 /* Debug */,
				C7E5967C272AD26A00F2F8D6 /* Release */,
			);
			defaultConfigurationIsVisible = 0;
			defaultConfigurationName = Release;
		};
/* End XCConfigurationList section */
	};
	rootObject = C7E5965E272AD26700F2F8D6 /* Project object */;
}
